// !$*UTF8*$!
{
	archiveVersion = 1;
	classes = {
	};
	objectVersion = 56;
	objects = {

/* Begin PBXBuildFile section */
		A807C643298A12A0003AD93D /* WidgetKit.framework in Frameworks */ = {isa = PBXBuildFile; fileRef = A807C642298A129F003AD93D /* WidgetKit.framework */; };
		A807C645298A12A0003AD93D /* SwiftUI.framework in Frameworks */ = {isa = PBXBuildFile; fileRef = A807C644298A12A0003AD93D /* SwiftUI.framework */; };
		A807C648298A12A0003AD93D /* GameWidgetBundle.swift in Sources */ = {isa = PBXBuildFile; fileRef = A807C647298A12A0003AD93D /* GameWidgetBundle.swift */; };
		A807C64A298A12A0003AD93D /* GameLiveActivity.swift in Sources */ = {isa = PBXBuildFile; fileRef = A807C649298A12A0003AD93D /* GameLiveActivity.swift */; };
		A807C64C298A12A0003AD93D /* GameWidget.swift in Sources */ = {isa = PBXBuildFile; fileRef = A807C64B298A12A0003AD93D /* GameWidget.swift */; };
		A807C64E298A12A5003AD93D /* Assets.xcassets in Resources */ = {isa = PBXBuildFile; fileRef = A807C64D298A12A5003AD93D /* Assets.xcassets */; };
		A807C652298A12A5003AD93D /* GameWidgetExtension.appex in Embed Foundation Extensions */ = {isa = PBXBuildFile; fileRef = A807C640298A129F003AD93D /* GameWidgetExtension.appex */; settings = {ATTRIBUTES = (RemoveHeadersOnCopy, ); }; };
		A807C657298A1653003AD93D /* GameState.swift in Sources */ = {isa = PBXBuildFile; fileRef = ED67D6392917E4110097D139 /* GameState.swift */; };
		A807C659298A174A003AD93D /* LiveActivityView.swift in Sources */ = {isa = PBXBuildFile; fileRef = A807C658298A174A003AD93D /* LiveActivityView.swift */; };
		A807C65A298A17F4003AD93D /* Assets.xcassets in Resources */ = {isa = PBXBuildFile; fileRef = ED67D6252917E3520097D139 /* Assets.xcassets */; };
		A807C65B298A18E9003AD93D /* Image+Ext.swift in Sources */ = {isa = PBXBuildFile; fileRef = ED67D6352917E3E40097D139 /* Image+Ext.swift */; };
		A81A341E298CD8A900D36B64 /* GameAttributes.swift in Sources */ = {isa = PBXBuildFile; fileRef = A81A341D298CD8A900D36B64 /* GameAttributes.swift */; };
		A81A341F298CD8A900D36B64 /* GameAttributes.swift in Sources */ = {isa = PBXBuildFile; fileRef = A81A341D298CD8A900D36B64 /* GameAttributes.swift */; };
		ED67D6222917E3510097D139 /* BasketballSimApp.swift in Sources */ = {isa = PBXBuildFile; fileRef = ED67D6212917E3510097D139 /* BasketballSimApp.swift */; };
		ED67D6262917E3520097D139 /* Assets.xcassets in Resources */ = {isa = PBXBuildFile; fileRef = ED67D6252917E3520097D139 /* Assets.xcassets */; };
		ED67D6292917E3520097D139 /* Preview Assets.xcassets in Resources */ = {isa = PBXBuildFile; fileRef = ED67D6282917E3520097D139 /* Preview Assets.xcassets */; };
		ED67D6302917E37C0097D139 /* GameView.swift in Sources */ = {isa = PBXBuildFile; fileRef = ED67D62F2917E37C0097D139 /* GameView.swift */; };
		ED67D6322917E39D0097D139 /* ButtonStyles.swift in Sources */ = {isa = PBXBuildFile; fileRef = ED67D6312917E39D0097D139 /* ButtonStyles.swift */; };
		ED67D6362917E3E40097D139 /* Image+Ext.swift in Sources */ = {isa = PBXBuildFile; fileRef = ED67D6352917E3E40097D139 /* Image+Ext.swift */; };
		ED67D6382917E3FF0097D139 /* Team.swift in Sources */ = {isa = PBXBuildFile; fileRef = ED67D6372917E3FF0097D139 /* Team.swift */; };
		ED67D63A2917E4110097D139 /* GameState.swift in Sources */ = {isa = PBXBuildFile; fileRef = ED67D6392917E4110097D139 /* GameState.swift */; };
		ED67D63C2917E4210097D139 /* GameSimulator.swift in Sources */ = {isa = PBXBuildFile; fileRef = ED67D63B2917E4210097D139 /* GameSimulator.swift */; };
		ED67D63E2917E43B0097D139 /* GameModel.swift in Sources */ = {isa = PBXBuildFile; fileRef = ED67D63D2917E43B0097D139 /* GameModel.swift */; };
/* End PBXBuildFile section */

/* Begin PBXContainerItemProxy section */
		A807C650298A12A5003AD93D /* PBXContainerItemProxy */ = {
			isa = PBXContainerItemProxy;
			containerPortal = ED67D6162917E3510097D139 /* Project object */;
			proxyType = 1;
			remoteGlobalIDString = A807C63F298A129F003AD93D;
			remoteInfo = GameWidgetExtension;
		};
/* End PBXContainerItemProxy section */

/* Begin PBXCopyFilesBuildPhase section */
		A807C653298A12A5003AD93D /* Embed Foundation Extensions */ = {
			isa = PBXCopyFilesBuildPhase;
			buildActionMask = 2147483647;
			dstPath = "";
			dstSubfolderSpec = 13;
			files = (
				A807C652298A12A5003AD93D /* GameWidgetExtension.appex in Embed Foundation Extensions */,
			);
			name = "Embed Foundation Extensions";
			runOnlyForDeploymentPostprocessing = 0;
		};
/* End PBXCopyFilesBuildPhase section */

/* Begin PBXFileReference section */
		A807C640298A129F003AD93D /* GameWidgetExtension.appex */ = {isa = PBXFileReference; explicitFileType = "wrapper.app-extension"; includeInIndex = 0; path = GameWidgetExtension.appex; sourceTree = BUILT_PRODUCTS_DIR; };
		A807C642298A129F003AD93D /* WidgetKit.framework */ = {isa = PBXFileReference; lastKnownFileType = wrapper.framework; name = WidgetKit.framework; path = System/Library/Frameworks/WidgetKit.framework; sourceTree = SDKROOT; };
		A807C644298A12A0003AD93D /* SwiftUI.framework */ = {isa = PBXFileReference; lastKnownFileType = wrapper.framework; name = SwiftUI.framework; path = System/Library/Frameworks/SwiftUI.framework; sourceTree = SDKROOT; };
		A807C647298A12A0003AD93D /* GameWidgetBundle.swift */ = {isa = PBXFileReference; lastKnownFileType = sourcecode.swift; path = GameWidgetBundle.swift; sourceTree = "<group>"; };
		A807C649298A12A0003AD93D /* GameLiveActivity.swift */ = {isa = PBXFileReference; lastKnownFileType = sourcecode.swift; path = GameLiveActivity.swift; sourceTree = "<group>"; };
		A807C64B298A12A0003AD93D /* GameWidget.swift */ = {isa = PBXFileReference; lastKnownFileType = sourcecode.swift; path = GameWidget.swift; sourceTree = "<group>"; };
		A807C64D298A12A5003AD93D /* Assets.xcassets */ = {isa = PBXFileReference; lastKnownFileType = folder.assetcatalog; path = Assets.xcassets; sourceTree = "<group>"; };
		A807C64F298A12A5003AD93D /* Info.plist */ = {isa = PBXFileReference; lastKnownFileType = text.plist.xml; path = Info.plist; sourceTree = "<group>"; };
		A807C658298A174A003AD93D /* LiveActivityView.swift */ = {isa = PBXFileReference; lastKnownFileType = sourcecode.swift; path = LiveActivityView.swift; sourceTree = "<group>"; };
		A81A341D298CD8A900D36B64 /* GameAttributes.swift */ = {isa = PBXFileReference; lastKnownFileType = sourcecode.swift; path = GameAttributes.swift; sourceTree = "<group>"; };
		ED67D61E2917E3510097D139 /* BasketballSim.app */ = {isa = PBXFileReference; explicitFileType = wrapper.application; includeInIndex = 0; path = BasketballSim.app; sourceTree = BUILT_PRODUCTS_DIR; };
		ED67D6212917E3510097D139 /* BasketballSimApp.swift */ = {isa = PBXFileReference; lastKnownFileType = sourcecode.swift; path = BasketballSimApp.swift; sourceTree = "<group>"; };
		ED67D6252917E3520097D139 /* Assets.xcassets */ = {isa = PBXFileReference; lastKnownFileType = folder.assetcatalog; path = Assets.xcassets; sourceTree = "<group>"; };
		ED67D6282917E3520097D139 /* Preview Assets.xcassets */ = {isa = PBXFileReference; lastKnownFileType = folder.assetcatalog; path = "Preview Assets.xcassets"; sourceTree = "<group>"; };
		ED67D62F2917E37C0097D139 /* GameView.swift */ = {isa = PBXFileReference; lastKnownFileType = sourcecode.swift; path = GameView.swift; sourceTree = "<group>"; };
		ED67D6312917E39D0097D139 /* ButtonStyles.swift */ = {isa = PBXFileReference; lastKnownFileType = sourcecode.swift; path = ButtonStyles.swift; sourceTree = "<group>"; };
		ED67D6352917E3E40097D139 /* Image+Ext.swift */ = {isa = PBXFileReference; lastKnownFileType = sourcecode.swift; path = "Image+Ext.swift"; sourceTree = "<group>"; };
		ED67D6372917E3FF0097D139 /* Team.swift */ = {isa = PBXFileReference; lastKnownFileType = sourcecode.swift; path = Team.swift; sourceTree = "<group>"; };
		ED67D6392917E4110097D139 /* GameState.swift */ = {isa = PBXFileReference; lastKnownFileType = sourcecode.swift; path = GameState.swift; sourceTree = "<group>"; };
		ED67D63B2917E4210097D139 /* GameSimulator.swift */ = {isa = PBXFileReference; lastKnownFileType = sourcecode.swift; path = GameSimulator.swift; sourceTree = "<group>"; };
		ED67D63D2917E43B0097D139 /* GameModel.swift */ = {isa = PBXFileReference; lastKnownFileType = sourcecode.swift; path = GameModel.swift; sourceTree = "<group>"; };
/* End PBXFileReference section */

/* Begin PBXFrameworksBuildPhase section */
		A807C63D298A129F003AD93D /* Frameworks */ = {
			isa = PBXFrameworksBuildPhase;
			buildActionMask = 2147483647;
			files = (
				A807C645298A12A0003AD93D /* SwiftUI.framework in Frameworks */,
				A807C643298A12A0003AD93D /* WidgetKit.framework in Frameworks */,
			);
			runOnlyForDeploymentPostprocessing = 0;
		};
		ED67D61B2917E3510097D139 /* Frameworks */ = {
			isa = PBXFrameworksBuildPhase;
			buildActionMask = 2147483647;
			files = (
			);
			runOnlyForDeploymentPostprocessing = 0;
		};
/* End PBXFrameworksBuildPhase section */

/* Begin PBXGroup section */
		A807C641298A129F003AD93D /* Frameworks */ = {
			isa = PBXGroup;
			children = (
				A807C642298A129F003AD93D /* WidgetKit.framework */,
				A807C644298A12A0003AD93D /* SwiftUI.framework */,
			);
			name = Frameworks;
			sourceTree = "<group>";
		};
		A807C646298A12A0003AD93D /* GameWidget */ = {
			isa = PBXGroup;
			children = (
				A807C647298A12A0003AD93D /* GameWidgetBundle.swift */,
				A807C649298A12A0003AD93D /* GameLiveActivity.swift */,
				A807C64B298A12A0003AD93D /* GameWidget.swift */,
				A807C658298A174A003AD93D /* LiveActivityView.swift */,
				A807C64D298A12A5003AD93D /* Assets.xcassets */,
				A807C64F298A12A5003AD93D /* Info.plist */,
			);
			path = GameWidget;
			sourceTree = "<group>";
		};
		ED67D6152917E3510097D139 = {
			isa = PBXGroup;
			children = (
				ED67D6202917E3510097D139 /* BasketballSim */,
				A807C646298A12A0003AD93D /* GameWidget */,
				A807C641298A129F003AD93D /* Frameworks */,
				ED67D61F2917E3510097D139 /* Products */,
			);
			sourceTree = "<group>";
		};
		ED67D61F2917E3510097D139 /* Products */ = {
			isa = PBXGroup;
			children = (
				ED67D61E2917E3510097D139 /* BasketballSim.app */,
				A807C640298A129F003AD93D /* GameWidgetExtension.appex */,
			);
			name = Products;
			sourceTree = "<group>";
		};
		ED67D6202917E3510097D139 /* BasketballSim */ = {
			isa = PBXGroup;
			children = (
				ED67D6212917E3510097D139 /* BasketballSimApp.swift */,
				ED67D62F2917E37C0097D139 /* GameView.swift */,
				ED67D6342917E3C20097D139 /* Model */,
				ED67D6332917E3A30097D139 /* Custom Views */,
				ED67D6252917E3520097D139 /* Assets.xcassets */,
				ED67D6272917E3520097D139 /* Preview Content */,
			);
			path = BasketballSim;
			sourceTree = "<group>";
		};
		ED67D6272917E3520097D139 /* Preview Content */ = {
			isa = PBXGroup;
			children = (
				ED67D6282917E3520097D139 /* Preview Assets.xcassets */,
			);
			path = "Preview Content";
			sourceTree = "<group>";
		};
		ED67D6332917E3A30097D139 /* Custom Views */ = {
			isa = PBXGroup;
			children = (
				ED67D6312917E39D0097D139 /* ButtonStyles.swift */,
				ED67D6352917E3E40097D139 /* Image+Ext.swift */,
			);
			path = "Custom Views";
			sourceTree = "<group>";
		};
		ED67D6342917E3C20097D139 /* Model */ = {
			isa = PBXGroup;
			children = (
				ED67D63D2917E43B0097D139 /* GameModel.swift */,
				ED67D63B2917E4210097D139 /* GameSimulator.swift */,
				ED67D6392917E4110097D139 /* GameState.swift */,
				ED67D6372917E3FF0097D139 /* Team.swift */,
				A81A341D298CD8A900D36B64 /* GameAttributes.swift */,
			);
			path = Model;
			sourceTree = "<group>";
		};
/* End PBXGroup section */

/* Begin PBXNativeTarget section */
		A807C63F298A129F003AD93D /* GameWidgetExtension */ = {
			isa = PBXNativeTarget;
			buildConfigurationList = A807C656298A12A5003AD93D /* Build configuration list for PBXNativeTarget "GameWidgetExtension" */;
			buildPhases = (
				A807C63C298A129F003AD93D /* Sources */,
				A807C63D298A129F003AD93D /* Frameworks */,
				A807C63E298A129F003AD93D /* Resources */,
			);
			buildRules = (
			);
			dependencies = (
			);
			name = GameWidgetExtension;
			productName = GameWidgetExtension;
			productReference = A807C640298A129F003AD93D /* GameWidgetExtension.appex */;
			productType = "com.apple.product-type.app-extension";
		};
		ED67D61D2917E3510097D139 /* BasketballSim */ = {
			isa = PBXNativeTarget;
			buildConfigurationList = ED67D62C2917E3520097D139 /* Build configuration list for PBXNativeTarget "BasketballSim" */;
			buildPhases = (
				ED67D61A2917E3510097D139 /* Sources */,
				ED67D61B2917E3510097D139 /* Frameworks */,
				ED67D61C2917E3510097D139 /* Resources */,
				A807C653298A12A5003AD93D /* Embed Foundation Extensions */,
			);
			buildRules = (
			);
			dependencies = (
				A807C651298A12A5003AD93D /* PBXTargetDependency */,
			);
			name = BasketballSim;
			productName = BasketballSim;
			productReference = ED67D61E2917E3510097D139 /* BasketballSim.app */;
			productType = "com.apple.product-type.application";
		};
/* End PBXNativeTarget section */

/* Begin PBXProject section */
		ED67D6162917E3510097D139 /* Project object */ = {
			isa = PBXProject;
			attributes = {
				BuildIndependentTargetsInParallel = 1;
				LastSwiftUpdateCheck = 1410;
				LastUpgradeCheck = 1410;
				TargetAttributes = {
					A807C63F298A129F003AD93D = {
						CreatedOnToolsVersion = 14.1;
					};
					ED67D61D2917E3510097D139 = {
						CreatedOnToolsVersion = 14.1;
					};
				};
			};
			buildConfigurationList = ED67D6192917E3510097D139 /* Build configuration list for PBXProject "BasketballSim" */;
			compatibilityVersion = "Xcode 14.0";
			developmentRegion = en;
			hasScannedForEncodings = 0;
			knownRegions = (
				en,
				Base,
			);
			mainGroup = ED67D6152917E3510097D139;
			productRefGroup = ED67D61F2917E3510097D139 /* Products */;
			projectDirPath = "";
			projectRoot = "";
			targets = (
				ED67D61D2917E3510097D139 /* BasketballSim */,
				A807C63F298A129F003AD93D /* GameWidgetExtension */,
			);
		};
/* End PBXProject section */

/* Begin PBXResourcesBuildPhase section */
		A807C63E298A129F003AD93D /* Resources */ = {
			isa = PBXResourcesBuildPhase;
			buildActionMask = 2147483647;
			files = (
				A807C65A298A17F4003AD93D /* Assets.xcassets in Resources */,
				A807C64E298A12A5003AD93D /* Assets.xcassets in Resources */,
			);
			runOnlyForDeploymentPostprocessing = 0;
		};
		ED67D61C2917E3510097D139 /* Resources */ = {
			isa = PBXResourcesBuildPhase;
			buildActionMask = 2147483647;
			files = (
				ED67D6292917E3520097D139 /* Preview Assets.xcassets in Resources */,
				ED67D6262917E3520097D139 /* Assets.xcassets in Resources */,
			);
			runOnlyForDeploymentPostprocessing = 0;
		};
/* End PBXResourcesBuildPhase section */

/* Begin PBXSourcesBuildPhase section */
		A807C63C298A129F003AD93D /* Sources */ = {
			isa = PBXSourcesBuildPhase;
			buildActionMask = 2147483647;
			files = (
				A807C64C298A12A0003AD93D /* GameWidget.swift in Sources */,
				A807C657298A1653003AD93D /* GameState.swift in Sources */,
				A81A341F298CD8A900D36B64 /* GameAttributes.swift in Sources */,
				A807C659298A174A003AD93D /* LiveActivityView.swift in Sources */,
				A807C64A298A12A0003AD93D /* GameLiveActivity.swift in Sources */,
				A807C648298A12A0003AD93D /* GameWidgetBundle.swift in Sources */,
				A807C65B298A18E9003AD93D /* Image+Ext.swift in Sources */,
			);
			runOnlyForDeploymentPostprocessing = 0;
		};
		ED67D61A2917E3510097D139 /* Sources */ = {
			isa = PBXSourcesBuildPhase;
			buildActionMask = 2147483647;
			files = (
				A81A341E298CD8A900D36B64 /* GameAttributes.swift in Sources */,
				ED67D6302917E37C0097D139 /* GameView.swift in Sources */,
				ED67D6362917E3E40097D139 /* Image+Ext.swift in Sources */,
				ED67D6322917E39D0097D139 /* ButtonStyles.swift in Sources */,
				ED67D63A2917E4110097D139 /* GameState.swift in Sources */,
				ED67D6382917E3FF0097D139 /* Team.swift in Sources */,
				ED67D63E2917E43B0097D139 /* GameModel.swift in Sources */,
				ED67D63C2917E4210097D139 /* GameSimulator.swift in Sources */,
				ED67D6222917E3510097D139 /* BasketballSimApp.swift in Sources */,
			);
			runOnlyForDeploymentPostprocessing = 0;
		};
/* End PBXSourcesBuildPhase section */

/* Begin PBXTargetDependency section */
		A807C651298A12A5003AD93D /* PBXTargetDependency */ = {
			isa = PBXTargetDependency;
			target = A807C63F298A129F003AD93D /* GameWidgetExtension */;
			targetProxy = A807C650298A12A5003AD93D /* PBXContainerItemProxy */;
		};
/* End PBXTargetDependency section */

/* Begin XCBuildConfiguration section */
		A807C654298A12A5003AD93D /* Debug */ = {
			isa = XCBuildConfiguration;
			buildSettings = {
				ASSETCATALOG_COMPILER_GLOBAL_ACCENT_COLOR_NAME = AccentColor;
				ASSETCATALOG_COMPILER_WIDGET_BACKGROUND_COLOR_NAME = WidgetBackground;
				CODE_SIGN_IDENTITY = "Apple Development";
				CODE_SIGN_STYLE = Automatic;
				CURRENT_PROJECT_VERSION = 1;
				DEVELOPMENT_TEAM = WV8G99LA38;
				GENERATE_INFOPLIST_FILE = YES;
				INFOPLIST_FILE = GameWidget/Info.plist;
				INFOPLIST_KEY_CFBundleDisplayName = GameWidget;
				INFOPLIST_KEY_NSHumanReadableCopyright = "";
				LD_RUNPATH_SEARCH_PATHS = (
					"$(inherited)",
					"@executable_path/Frameworks",
					"@executable_path/../../Frameworks",
				);
				MARKETING_VERSION = 1.0;
				PRODUCT_BUNDLE_IDENTIFIER = com.yourwebsitename.BasketballSim.GameWidget;
				PRODUCT_NAME = "$(TARGET_NAME)";
				SKIP_INSTALL = YES;
				SWIFT_EMIT_LOC_STRINGS = YES;
				SWIFT_VERSION = 5.0;
				TARGETED_DEVICE_FAMILY = "1,2";
			};
			name = Debug;
		};
		A807C655298A12A5003AD93D /* Release */ = {
			isa = XCBuildConfiguration;
			buildSettings = {
				ASSETCATALOG_COMPILER_GLOBAL_ACCENT_COLOR_NAME = AccentColor;
				ASSETCATALOG_COMPILER_WIDGET_BACKGROUND_COLOR_NAME = WidgetBackground;
				CODE_SIGN_IDENTITY = "Apple Development";
				CODE_SIGN_STYLE = Automatic;
				CURRENT_PROJECT_VERSION = 1;
				DEVELOPMENT_TEAM = WV8G99LA38;
				GENERATE_INFOPLIST_FILE = YES;
				INFOPLIST_FILE = GameWidget/Info.plist;
				INFOPLIST_KEY_CFBundleDisplayName = GameWidget;
				INFOPLIST_KEY_NSHumanReadableCopyright = "";
				LD_RUNPATH_SEARCH_PATHS = (
					"$(inherited)",
					"@executable_path/Frameworks",
					"@executable_path/../../Frameworks",
				);
				MARKETING_VERSION = 1.0;
				PRODUCT_BUNDLE_IDENTIFIER = com.yourwebsitename.BasketballSim.GameWidget;
				PRODUCT_NAME = "$(TARGET_NAME)";
				SKIP_INSTALL = YES;
				SWIFT_EMIT_LOC_STRINGS = YES;
				SWIFT_VERSION = 5.0;
				TARGETED_DEVICE_FAMILY = "1,2";
			};
			name = Release;
		};
		ED67D62A2917E3520097D139 /* Debug */ = {
			isa = XCBuildConfiguration;
			buildSettings = {
				ALWAYS_SEARCH_USER_PATHS = NO;
				CLANG_ANALYZER_NONNULL = YES;
				CLANG_ANALYZER_NUMBER_OBJECT_CONVERSION = YES_AGGRESSIVE;
				CLANG_CXX_LANGUAGE_STANDARD = "gnu++20";
				CLANG_ENABLE_MODULES = YES;
				CLANG_ENABLE_OBJC_ARC = YES;
				CLANG_ENABLE_OBJC_WEAK = YES;
				CLANG_WARN_BLOCK_CAPTURE_AUTORELEASING = YES;
				CLANG_WARN_BOOL_CONVERSION = YES;
				CLANG_WARN_COMMA = YES;
				CLANG_WARN_CONSTANT_CONVERSION = YES;
				CLANG_WARN_DEPRECATED_OBJC_IMPLEMENTATIONS = YES;
				CLANG_WARN_DIRECT_OBJC_ISA_USAGE = YES_ERROR;
				CLANG_WARN_DOCUMENTATION_COMMENTS = YES;
				CLANG_WARN_EMPTY_BODY = YES;
				CLANG_WARN_ENUM_CONVERSION = YES;
				CLANG_WARN_INFINITE_RECURSION = YES;
				CLANG_WARN_INT_CONVERSION = YES;
				CLANG_WARN_NON_LITERAL_NULL_CONVERSION = YES;
				CLANG_WARN_OBJC_IMPLICIT_RETAIN_SELF = YES;
				CLANG_WARN_OBJC_LITERAL_CONVERSION = YES;
				CLANG_WARN_OBJC_ROOT_CLASS = YES_ERROR;
				CLANG_WARN_QUOTED_INCLUDE_IN_FRAMEWORK_HEADER = YES;
				CLANG_WARN_RANGE_LOOP_ANALYSIS = YES;
				CLANG_WARN_STRICT_PROTOTYPES = YES;
				CLANG_WARN_SUSPICIOUS_MOVE = YES;
				CLANG_WARN_UNGUARDED_AVAILABILITY = YES_AGGRESSIVE;
				CLANG_WARN_UNREACHABLE_CODE = YES;
				CLANG_WARN__DUPLICATE_METHOD_MATCH = YES;
				COPY_PHASE_STRIP = NO;
				DEBUG_INFORMATION_FORMAT = dwarf;
				ENABLE_STRICT_OBJC_MSGSEND = YES;
				ENABLE_TESTABILITY = YES;
				GCC_C_LANGUAGE_STANDARD = gnu11;
				GCC_DYNAMIC_NO_PIC = NO;
				GCC_NO_COMMON_BLOCKS = YES;
				GCC_OPTIMIZATION_LEVEL = 0;
				GCC_PREPROCESSOR_DEFINITIONS = (
					"DEBUG=1",
					"$(inherited)",
				);
				GCC_WARN_64_TO_32_BIT_CONVERSION = YES;
				GCC_WARN_ABOUT_RETURN_TYPE = YES_ERROR;
				GCC_WARN_UNDECLARED_SELECTOR = YES;
				GCC_WARN_UNINITIALIZED_AUTOS = YES_AGGRESSIVE;
				GCC_WARN_UNUSED_FUNCTION = YES;
				GCC_WARN_UNUSED_VARIABLE = YES;
				IPHONEOS_DEPLOYMENT_TARGET = 16.1;
				MTL_ENABLE_DEBUG_INFO = INCLUDE_SOURCE;
				MTL_FAST_MATH = YES;
				ONLY_ACTIVE_ARCH = YES;
				SDKROOT = iphoneos;
				SWIFT_ACTIVE_COMPILATION_CONDITIONS = DEBUG;
				SWIFT_OPTIMIZATION_LEVEL = "-Onone";
			};
			name = Debug;
		};
		ED67D62B2917E3520097D139 /* Release */ = {
			isa = XCBuildConfiguration;
			buildSettings = {
				ALWAYS_SEARCH_USER_PATHS = NO;
				CLANG_ANALYZER_NONNULL = YES;
				CLANG_ANALYZER_NUMBER_OBJECT_CONVERSION = YES_AGGRESSIVE;
				CLANG_CXX_LANGUAGE_STANDARD = "gnu++20";
				CLANG_ENABLE_MODULES = YES;
				CLANG_ENABLE_OBJC_ARC = YES;
				CLANG_ENABLE_OBJC_WEAK = YES;
				CLANG_WARN_BLOCK_CAPTURE_AUTORELEASING = YES;
				CLANG_WARN_BOOL_CONVERSION = YES;
				CLANG_WARN_COMMA = YES;
				CLANG_WARN_CONSTANT_CONVERSION = YES;
				CLANG_WARN_DEPRECATED_OBJC_IMPLEMENTATIONS = YES;
				CLANG_WARN_DIRECT_OBJC_ISA_USAGE = YES_ERROR;
				CLANG_WARN_DOCUMENTATION_COMMENTS = YES;
				CLANG_WARN_EMPTY_BODY = YES;
				CLANG_WARN_ENUM_CONVERSION = YES;
				CLANG_WARN_INFINITE_RECURSION = YES;
				CLANG_WARN_INT_CONVERSION = YES;
				CLANG_WARN_NON_LITERAL_NULL_CONVERSION = YES;
				CLANG_WARN_OBJC_IMPLICIT_RETAIN_SELF = YES;
				CLANG_WARN_OBJC_LITERAL_CONVERSION = YES;
				CLANG_WARN_OBJC_ROOT_CLASS = YES_ERROR;
				CLANG_WARN_QUOTED_INCLUDE_IN_FRAMEWORK_HEADER = YES;
				CLANG_WARN_RANGE_LOOP_ANALYSIS = YES;
				CLANG_WARN_STRICT_PROTOTYPES = YES;
				CLANG_WARN_SUSPICIOUS_MOVE = YES;
				CLANG_WARN_UNGUARDED_AVAILABILITY = YES_AGGRESSIVE;
				CLANG_WARN_UNREACHABLE_CODE = YES;
				CLANG_WARN__DUPLICATE_METHOD_MATCH = YES;
				COPY_PHASE_STRIP = NO;
				DEBUG_INFORMATION_FORMAT = "dwarf-with-dsym";
				ENABLE_NS_ASSERTIONS = NO;
				ENABLE_STRICT_OBJC_MSGSEND = YES;
				GCC_C_LANGUAGE_STANDARD = gnu11;
				GCC_NO_COMMON_BLOCKS = YES;
				GCC_WARN_64_TO_32_BIT_CONVERSION = YES;
				GCC_WARN_ABOUT_RETURN_TYPE = YES_ERROR;
				GCC_WARN_UNDECLARED_SELECTOR = YES;
				GCC_WARN_UNINITIALIZED_AUTOS = YES_AGGRESSIVE;
				GCC_WARN_UNUSED_FUNCTION = YES;
				GCC_WARN_UNUSED_VARIABLE = YES;
				IPHONEOS_DEPLOYMENT_TARGET = 16.1;
				MTL_ENABLE_DEBUG_INFO = NO;
				MTL_FAST_MATH = YES;
				SDKROOT = iphoneos;
				SWIFT_COMPILATION_MODE = wholemodule;
				SWIFT_OPTIMIZATION_LEVEL = "-O";
				VALIDATE_PRODUCT = YES;
			};
			name = Release;
		};
		ED67D62D2917E3520097D139 /* Debug */ = {
			isa = XCBuildConfiguration;
			buildSettings = {
				ALWAYS_EMBED_SWIFT_STANDARD_LIBRARIES = YES;
				ASSETCATALOG_COMPILER_APPICON_NAME = AppIcon;
				ASSETCATALOG_COMPILER_GLOBAL_ACCENT_COLOR_NAME = AccentColor;
				CODE_SIGN_IDENTITY = "Apple Development";
				CODE_SIGN_STYLE = Automatic;
				CURRENT_PROJECT_VERSION = 1;
				DEVELOPMENT_ASSET_PATHS = "\"BasketballSim/Preview Content\"";
				DEVELOPMENT_TEAM = WV8G99LA38;
				ENABLE_PREVIEWS = YES;
				GENERATE_INFOPLIST_FILE = YES;
				INFOPLIST_KEY_NSSupportsLiveActivities = YES;
				INFOPLIST_KEY_UIApplicationSceneManifest_Generation = YES;
				INFOPLIST_KEY_UIApplicationSupportsIndirectInputEvents = YES;
				INFOPLIST_KEY_UILaunchScreen_Generation = YES;
				INFOPLIST_KEY_UISupportedInterfaceOrientations_iPad = "UIInterfaceOrientationPortrait UIInterfaceOrientationPortraitUpsideDown UIInterfaceOrientationLandscapeLeft UIInterfaceOrientationLandscapeRight";
				INFOPLIST_KEY_UISupportedInterfaceOrientations_iPhone = "UIInterfaceOrientationPortrait UIInterfaceOrientationLandscapeLeft UIInterfaceOrientationLandscapeRight";
				LD_RUNPATH_SEARCH_PATHS = (
					"$(inherited)",
					"@executable_path/Frameworks",
				);
				MARKETING_VERSION = 1.0;
				PRODUCT_BUNDLE_IDENTIFIER = com.yourwebsitename.BasketballSim;
				PRODUCT_NAME = "$(TARGET_NAME)";
				PROVISIONING_PROFILE_SPECIFIER = "";
				SWIFT_EMIT_LOC_STRINGS = YES;
				SWIFT_VERSION = 5.0;
				TARGETED_DEVICE_FAMILY = "1,2";
			};
			name = Debug;
		};
		ED67D62E2917E3520097D139 /* Release */ = {
			isa = XCBuildConfiguration;
			buildSettings = {
				ALWAYS_EMBED_SWIFT_STANDARD_LIBRARIES = YES;
				ASSETCATALOG_COMPILER_APPICON_NAME = AppIcon;
				ASSETCATALOG_COMPILER_GLOBAL_ACCENT_COLOR_NAME = AccentColor;
				CODE_SIGN_IDENTITY = "Apple Development";
				CODE_SIGN_STYLE = Automatic;
				CURRENT_PROJECT_VERSION = 1;
				DEVELOPMENT_ASSET_PATHS = "\"BasketballSim/Preview Content\"";
				DEVELOPMENT_TEAM = WV8G99LA38;
				ENABLE_PREVIEWS = YES;
				GENERATE_INFOPLIST_FILE = YES;
				INFOPLIST_KEY_NSSupportsLiveActivities = YES;
				INFOPLIST_KEY_UIApplicationSceneManifest_Generation = YES;
				INFOPLIST_KEY_UIApplicationSupportsIndirectInputEvents = YES;
				INFOPLIST_KEY_UILaunchScreen_Generation = YES;
				INFOPLIST_KEY_UISupportedInterfaceOrientations_iPad = "UIInterfaceOrientationPortrait UIInterfaceOrientationPortraitUpsideDown UIInterfaceOrientationLandscapeLeft UIInterfaceOrientationLandscapeRight";
				INFOPLIST_KEY_UISupportedInterfaceOrientations_iPhone = "UIInterfaceOrientationPortrait UIInterfaceOrientationLandscapeLeft UIInterfaceOrientationLandscapeRight";
				LD_RUNPATH_SEARCH_PATHS = (
					"$(inherited)",
					"@executable_path/Frameworks",
				);
				MARKETING_VERSION = 1.0;
				PRODUCT_BUNDLE_IDENTIFIER = com.yourwebsitename.BasketballSim;
				PRODUCT_NAME = "$(TARGET_NAME)";
				PROVISIONING_PROFILE_SPECIFIER = "";
				SWIFT_EMIT_LOC_STRINGS = YES;
				SWIFT_VERSION = 5.0;
				TARGETED_DEVICE_FAMILY = "1,2";
			};
			name = Release;
		};
/* End XCBuildConfiguration section */

/* Begin XCConfigurationList section */
		A807C656298A12A5003AD93D /* Build configuration list for PBXNativeTarget "GameWidgetExtension" */ = {
			isa = XCConfigurationList;
			buildConfigurations = (
				A807C654298A12A5003AD93D /* Debug */,
				A807C655298A12A5003AD93D /* Release */,
			);
			defaultConfigurationIsVisible = 0;
			defaultConfigurationName = Release;
		};
		ED67D6192917E3510097D139 /* Build configuration list for PBXProject "BasketballSim" */ = {
			isa = XCConfigurationList;
			buildConfigurations = (
				ED67D62A2917E3520097D139 /* Debug */,
				ED67D62B2917E3520097D139 /* Release */,
			);
			defaultConfigurationIsVisible = 0;
			defaultConfigurationName = Release;
		};
		ED67D62C2917E3520097D139 /* Build configuration list for PBXNativeTarget "BasketballSim" */ = {
			isa = XCConfigurationList;
			buildConfigurations = (
				ED67D62D2917E3520097D139 /* Debug */,
				ED67D62E2917E3520097D139 /* Release */,
			);
			defaultConfigurationIsVisible = 0;
			defaultConfigurationName = Release;
		};
/* End XCConfigurationList section */
	};
	rootObject = ED67D6162917E3510097D139 /* Project object */;
}
